<?xml version="1.0" encoding="utf-8"?>
<Project ToolsVersion="4.0" xmlns="http://schemas.microsoft.com/developer/msbuild/2003">
  <ItemGroup>
    <ClCompile Include="main.cpp" />
    <ClCompile Include="game_manager.cpp">
      <Filter>Scenes</Filter>
    </ClCompile>
    <ClCompile Include="main_menu.cpp">
      <Filter>Scenes</Filter>
    </ClCompile>
    <ClCompile Include="gameplay.cpp">
      <Filter>Scenes</Filter>
    </ClCompile>
    <ClCompile Include="player.cpp">
      <Filter>Obj</Filter>
    </ClCompile>
  </ItemGroup>
  <ItemGroup>
    <Filter Include="Obj">
      <UniqueIdentifier>{4a9ffe23-6401-48ad-8764-24439c4351ae}</UniqueIdentifier>
    </Filter>
    <Filter Include="Scenes">
      <UniqueIdentifier>{4c159fda-0e95-4846-8a81-3bf4a1881d4d}</UniqueIdentifier>
    </Filter>
  </ItemGroup>
  <ItemGroup>
    <ClInclude Include="game_manager.h">
      <Filter>Scenes</Filter>
    </ClInclude>
    <ClInclude Include="main_menu.h">
      <Filter>Scenes</Filter>
    </ClInclude>
    <ClInclude Include="gameplay.h">
      <Filter>Scenes</Filter>
    </ClInclude>
    <ClInclude Include="player.h">
      <Filter>Obj</Filter>
    </ClInclude>
  </ItemGroup>
</Project>